// !$*UTF8*$!
{
	archiveVersion = 1;
	classes = {
	};
	objectVersion = 46;
	objects = {

/* Begin PBXBuildFile section */
		C12143861D000FEE00702861 /* Assets.xcassets in Resources */ = {isa = PBXBuildFile; fileRef = C12143851D000FEE00702861 /* Assets.xcassets */; };
		C173D8971D0E92A4001F9EF7 /* module.cpp in Sources */ = {isa = PBXBuildFile; fileRef = C173D8951D0E92A4001F9EF7 /* module.cpp */; settings = {ASSET_TAGS = (); }; };
		C173D8B41D1306EA001F9EF7 /* imports.cpp in Sources */ = {isa = PBXBuildFile; fileRef = C173D8B21D1306EA001F9EF7 /* imports.cpp */; settings = {ASSET_TAGS = (); }; };
		C175824C1D1AFD4100E1AA12 /* imports_gxm.cpp in Sources */ = {isa = PBXBuildFile; fileRef = C175824B1D1AFD4100E1AA12 /* imports_gxm.cpp */; settings = {ASSET_TAGS = (); }; };
		C17B2A471D1C416E00E115C4 /* imports_display.cpp in Sources */ = {isa = PBXBuildFile; fileRef = C17B2A461D1C416E00E115C4 /* imports_display.cpp */; settings = {ASSET_TAGS = (); }; };
		C17B2A491D1C46F600E115C4 /* imports_ctrl.cpp in Sources */ = {isa = PBXBuildFile; fileRef = C17B2A481D1C46F600E115C4 /* imports_ctrl.cpp */; settings = {ASSET_TAGS = (); }; };
		C1855A921D015F05004539B7 /* libunicorn.a in Frameworks */ = {isa = PBXBuildFile; fileRef = C1855A911D015F05004539B7 /* libunicorn.a */; };
		C1855A991D016320004539B7 /* libunicorn.1.dylib in CopyFiles */ = {isa = PBXBuildFile; fileRef = C1855A971D016245004539B7 /* libunicorn.1.dylib */; };
		C1855A9D1D01ED3F004539B7 /* emulator.cpp in Sources */ = {isa = PBXBuildFile; fileRef = C1855A9B1D01ED3F004539B7 /* emulator.cpp */; settings = {ASSET_TAGS = (); }; };
		C188F8851D1D0E9400D16550 /* imports_touch.cpp in Sources */ = {isa = PBXBuildFile; fileRef = C188F8841D1D0E9400D16550 /* imports_touch.cpp */; settings = {ASSET_TAGS = (); }; };
		C1AA7C6D1D2258C000FAF58D /* relocation.cpp in Sources */ = {isa = PBXBuildFile; fileRef = C1AA7C6B1D2258C000FAF58D /* relocation.cpp */; settings = {ASSET_TAGS = (); }; };
		C1AD18EF1D07869800064A1F /* libcapstone.a in Frameworks */ = {isa = PBXBuildFile; fileRef = C1AD18EE1D07869800064A1F /* libcapstone.a */; };
		C1AD18F41D07ED2100064A1F /* disasm.cpp in Sources */ = {isa = PBXBuildFile; fileRef = C1AD18F21D07ED2100064A1F /* disasm.cpp */; settings = {ASSET_TAGS = (); }; };
		C1B4A0451D02FFFC00F53D2C /* mem.cpp in Sources */ = {isa = PBXBuildFile; fileRef = C1B4A0431D02FFFC00F53D2C /* mem.cpp */; settings = {ASSET_TAGS = (); }; };
		C1DD5EEC1D1E6B0800FCE19A /* main.cpp in Sources */ = {isa = PBXBuildFile; fileRef = C1DD5EEB1D1E6B0800FCE19A /* main.cpp */; settings = {ASSET_TAGS = (); }; };
		C1DD5EEE1D1E6C4500FCE19A /* OpenGL.framework in Frameworks */ = {isa = PBXBuildFile; fileRef = C1DD5EED1D1E6C4500FCE19A /* OpenGL.framework */; };
		C1EA5B7D1D17CBF2000CE42E /* unimplemented.cpp in Sources */ = {isa = PBXBuildFile; fileRef = C1EA5B7C1D17CBF2000CE42E /* unimplemented.cpp */; settings = {ASSET_TAGS = (); }; };
		C1EA5B7F1D17CE74000CE42E /* imports_kernel.cpp in Sources */ = {isa = PBXBuildFile; fileRef = C1EA5B7E1D17CE74000CE42E /* imports_kernel.cpp */; settings = {ASSET_TAGS = (); }; };
		C1EA5B841D19202F000CE42E /* call.cpp in Sources */ = {isa = PBXBuildFile; fileRef = C1EA5B831D19202F000CE42E /* call.cpp */; settings = {ASSET_TAGS = (); }; };
/* End PBXBuildFile section */

/* Begin PBXContainerItemProxy section */
		C1855A8F1D015E0B004539B7 /* PBXContainerItemProxy */ = {
			isa = PBXContainerItemProxy;
			containerPortal = C12143711D000FEE00702861 /* Project object */;
			proxyType = 1;
			remoteGlobalIDString = C167A8F21D00E78500AD05D5;
			remoteInfo = Unicorn;
		};
		C1AD18EC1D07867F00064A1F /* PBXContainerItemProxy */ = {
			isa = PBXContainerItemProxy;
			containerPortal = C12143711D000FEE00702861 /* Project object */;
			proxyType = 1;
			remoteGlobalIDString = C1AD18E81D07809D00064A1F;
			remoteInfo = Capstone;
		};
/* End PBXContainerItemProxy section */

/* Begin PBXCopyFilesBuildPhase section */
		C1855A951D016210004539B7 /* CopyFiles */ = {
			isa = PBXCopyFilesBuildPhase;
			buildActionMask = 2147483647;
			dstPath = "";
			dstSubfolderSpec = 16;
			files = (
				C1855A991D016320004539B7 /* libunicorn.1.dylib in CopyFiles */,
			);
			runOnlyForDeploymentPostprocessing = 0;
		};
/* End PBXCopyFilesBuildPhase section */

/* Begin PBXFileReference section */
		C12143791D000FEE00702861 /* VitaEmulator.app */ = {isa = PBXFileReference; explicitFileType = wrapper.application; includeInIndex = 0; path = VitaEmulator.app; sourceTree = BUILT_PRODUCTS_DIR; };
		C12143851D000FEE00702861 /* Assets.xcassets */ = {isa = PBXFileReference; lastKnownFileType = folder.assetcatalog; path = Assets.xcassets; sourceTree = "<group>"; };
		C121438A1D000FEE00702861 /* Info.plist */ = {isa = PBXFileReference; lastKnownFileType = text.plist.xml; path = Info.plist; sourceTree = "<group>"; };
		C173D8951D0E92A4001F9EF7 /* module.cpp */ = {isa = PBXFileReference; fileEncoding = 4; lastKnownFileType = sourcecode.cpp.cpp; path = module.cpp; sourceTree = "<group>"; };
		C173D8961D0E92A4001F9EF7 /* module.h */ = {isa = PBXFileReference; fileEncoding = 4; lastKnownFileType = sourcecode.c.h; path = module.h; sourceTree = "<group>"; };
		C173D8981D0E92F3001F9EF7 /* types.h */ = {isa = PBXFileReference; lastKnownFileType = sourcecode.c.h; path = types.h; sourceTree = "<group>"; };
		C173D89E1D0F256F001F9EF7 /* NES4Vita.readelf.txt */ = {isa = PBXFileReference; fileEncoding = 4; lastKnownFileType = text; path = NES4Vita.readelf.txt; sourceTree = "<group>"; };
		C173D89F1D0F256F001F9EF7 /* NES4Vita.vitareadelf.txt */ = {isa = PBXFileReference; fileEncoding = 4; lastKnownFileType = text; path = NES4Vita.vitareadelf.txt; sourceTree = "<group>"; };
		C173D8A01D0F256F001F9EF7 /* vitahelloworld.readelf.txt */ = {isa = PBXFileReference; fileEncoding = 4; lastKnownFileType = text; path = vitahelloworld.readelf.txt; sourceTree = "<group>"; };
		C173D8A21D0F256F001F9EF7 /* vitahelloworld.vitareadelf.txt */ = {isa = PBXFileReference; fileEncoding = 4; lastKnownFileType = text; path = vitahelloworld.vitareadelf.txt; sourceTree = "<group>"; };
		C173D8A31D0F256F001F9EF7 /* VitaScreenFlasher.readelf.txt */ = {isa = PBXFileReference; fileEncoding = 4; lastKnownFileType = text; path = VitaScreenFlasher.readelf.txt; sourceTree = "<group>"; };
		C173D8A51D0F256F001F9EF7 /* VitaScreenFlasher.vitareadelf.txt */ = {isa = PBXFileReference; fileEncoding = 4; lastKnownFileType = text; path = VitaScreenFlasher.vitareadelf.txt; sourceTree = "<group>"; };
		C173D8B01D11CEA8001F9EF7 /* gen_nids.py */ = {isa = PBXFileReference; lastKnownFileType = text.script.python; path = gen_nids.py; sourceTree = "<group>"; };
		C173D8B11D128926001F9EF7 /* nids.h */ = {isa = PBXFileReference; fileEncoding = 4; lastKnownFileType = sourcecode.c.h; path = nids.h; sourceTree = "<group>"; };
		C173D8B21D1306EA001F9EF7 /* imports.cpp */ = {isa = PBXFileReference; fileEncoding = 4; lastKnownFileType = sourcecode.cpp.cpp; path = imports.cpp; sourceTree = "<group>"; };
		C173D8B31D1306EA001F9EF7 /* imports.h */ = {isa = PBXFileReference; fileEncoding = 4; lastKnownFileType = sourcecode.c.h; path = imports.h; sourceTree = "<group>"; };
		C175824B1D1AFD4100E1AA12 /* imports_gxm.cpp */ = {isa = PBXFileReference; fileEncoding = 4; lastKnownFileType = sourcecode.cpp.cpp; path = imports_gxm.cpp; sourceTree = "<group>"; };
		C17B2A461D1C416E00E115C4 /* imports_display.cpp */ = {isa = PBXFileReference; fileEncoding = 4; lastKnownFileType = sourcecode.cpp.cpp; path = imports_display.cpp; sourceTree = "<group>"; };
		C17B2A481D1C46F600E115C4 /* imports_ctrl.cpp */ = {isa = PBXFileReference; fileEncoding = 4; lastKnownFileType = sourcecode.cpp.cpp; path = imports_ctrl.cpp; sourceTree = "<group>"; };
		C1855A911D015F05004539B7 /* libunicorn.a */ = {isa = PBXFileReference; lastKnownFileType = archive.ar; name = libunicorn.a; path = unicorn/libunicorn.a; sourceTree = "<group>"; };
		C1855A971D016245004539B7 /* libunicorn.1.dylib */ = {isa = PBXFileReference; lastKnownFileType = "compiled.mach-o.dylib"; name = libunicorn.1.dylib; path = unicorn/libunicorn.1.dylib; sourceTree = "<group>"; };
		C1855A9B1D01ED3F004539B7 /* emulator.cpp */ = {isa = PBXFileReference; fileEncoding = 4; lastKnownFileType = sourcecode.cpp.cpp; path = emulator.cpp; sourceTree = "<group>"; };
		C1855A9C1D01ED3F004539B7 /* emulator.h */ = {isa = PBXFileReference; fileEncoding = 4; lastKnownFileType = sourcecode.c.h; path = emulator.h; sourceTree = "<group>"; };
		C188F8841D1D0E9400D16550 /* imports_touch.cpp */ = {isa = PBXFileReference; fileEncoding = 4; lastKnownFileType = sourcecode.cpp.cpp; path = imports_touch.cpp; sourceTree = "<group>"; };
		C1AA7C6B1D2258C000FAF58D /* relocation.cpp */ = {isa = PBXFileReference; fileEncoding = 4; lastKnownFileType = sourcecode.cpp.cpp; path = relocation.cpp; sourceTree = "<group>"; };
		C1AA7C6C1D2258C000FAF58D /* relocation.h */ = {isa = PBXFileReference; fileEncoding = 4; lastKnownFileType = sourcecode.c.h; path = relocation.h; sourceTree = "<group>"; };
		C1AD18EE1D07869800064A1F /* libcapstone.a */ = {isa = PBXFileReference; lastKnownFileType = archive.ar; name = libcapstone.a; path = capstone/libcapstone.a; sourceTree = "<group>"; };
		C1AD18F21D07ED2100064A1F /* disasm.cpp */ = {isa = PBXFileReference; fileEncoding = 4; lastKnownFileType = sourcecode.cpp.cpp; path = disasm.cpp; sourceTree = "<group>"; };
		C1AD18F31D07ED2100064A1F /* disasm.h */ = {isa = PBXFileReference; fileEncoding = 4; lastKnownFileType = sourcecode.c.h; path = disasm.h; sourceTree = "<group>"; };
		C1B4A0431D02FFFC00F53D2C /* mem.cpp */ = {isa = PBXFileReference; fileEncoding = 4; lastKnownFileType = sourcecode.cpp.cpp; path = mem.cpp; sourceTree = "<group>"; };
		C1B4A0441D02FFFC00F53D2C /* mem.h */ = {isa = PBXFileReference; fileEncoding = 4; lastKnownFileType = sourcecode.c.h; path = mem.h; sourceTree = "<group>"; };
		C1DD5EEB1D1E6B0800FCE19A /* main.cpp */ = {isa = PBXFileReference; fileEncoding = 4; lastKnownFileType = sourcecode.cpp.cpp; path = main.cpp; sourceTree = "<group>"; };
		C1DD5EED1D1E6C4500FCE19A /* OpenGL.framework */ = {isa = PBXFileReference; lastKnownFileType = wrapper.framework; name = OpenGL.framework; path = System/Library/Frameworks/OpenGL.framework; sourceTree = SDKROOT; };
		C1EA5B7B1D17CB48000CE42E /* import.h */ = {isa = PBXFileReference; lastKnownFileType = sourcecode.c.h; path = import.h; sourceTree = "<group>"; };
		C1EA5B7C1D17CBF2000CE42E /* unimplemented.cpp */ = {isa = PBXFileReference; fileEncoding = 4; lastKnownFileType = sourcecode.cpp.cpp; path = unimplemented.cpp; sourceTree = "<group>"; };
		C1EA5B7E1D17CE74000CE42E /* imports_kernel.cpp */ = {isa = PBXFileReference; fileEncoding = 4; lastKnownFileType = sourcecode.cpp.cpp; path = imports_kernel.cpp; sourceTree = "<group>"; };
		C1EA5B811D185320000CE42E /* call.h */ = {isa = PBXFileReference; fileEncoding = 4; lastKnownFileType = sourcecode.c.h; path = call.h; sourceTree = "<group>"; };
		C1EA5B831D19202F000CE42E /* call.cpp */ = {isa = PBXFileReference; fileEncoding = 4; lastKnownFileType = sourcecode.cpp.cpp; path = call.cpp; sourceTree = "<group>"; };
/* End PBXFileReference section */

/* Begin PBXFrameworksBuildPhase section */
		C12143761D000FEE00702861 /* Frameworks */ = {
			isa = PBXFrameworksBuildPhase;
			buildActionMask = 2147483647;
			files = (
				C1DD5EEE1D1E6C4500FCE19A /* OpenGL.framework in Frameworks */,
				C1AD18EF1D07869800064A1F /* libcapstone.a in Frameworks */,
				C1855A921D015F05004539B7 /* libunicorn.a in Frameworks */,
			);
			runOnlyForDeploymentPostprocessing = 0;
		};
/* End PBXFrameworksBuildPhase section */

/* Begin PBXGroup section */
		C12143701D000FEE00702861 = {
			isa = PBXGroup;
			children = (
				C1855A9A1D01ED1D004539B7 /* emulator */,
				C173D89C1D0F256F001F9EF7 /* examples */,
				C121437B1D000FEE00702861 /* osx */,
				C1855A931D015F21004539B7 /* Frameworks */,
				C121437A1D000FEE00702861 /* Products */,
			);
			sourceTree = "<group>";
		};
		C121437A1D000FEE00702861 /* Products */ = {
			isa = PBXGroup;
			children = (
				C12143791D000FEE00702861 /* VitaEmulator.app */,
			);
			name = Products;
			sourceTree = "<group>";
		};
		C121437B1D000FEE00702861 /* osx */ = {
			isa = PBXGroup;
			children = (
				C12143851D000FEE00702861 /* Assets.xcassets */,
				C121438A1D000FEE00702861 /* Info.plist */,
			);
			path = osx;
			sourceTree = "<group>";
		};
		C173D89C1D0F256F001F9EF7 /* examples */ = {
			isa = PBXGroup;
			children = (
				C173D89E1D0F256F001F9EF7 /* NES4Vita.readelf.txt */,
				C173D89F1D0F256F001F9EF7 /* NES4Vita.vitareadelf.txt */,
				C173D8A01D0F256F001F9EF7 /* vitahelloworld.readelf.txt */,
				C173D8A21D0F256F001F9EF7 /* vitahelloworld.vitareadelf.txt */,
				C173D8A31D0F256F001F9EF7 /* VitaScreenFlasher.readelf.txt */,
				C173D8A51D0F256F001F9EF7 /* VitaScreenFlasher.vitareadelf.txt */,
			);
			path = examples;
			sourceTree = "<group>";
		};
		C1855A931D015F21004539B7 /* Frameworks */ = {
			isa = PBXGroup;
			children = (
				C1AD18EE1D07869800064A1F /* libcapstone.a */,
				C1855A971D016245004539B7 /* libunicorn.1.dylib */,
				C1855A911D015F05004539B7 /* libunicorn.a */,
				C1DD5EED1D1E6C4500FCE19A /* OpenGL.framework */,
			);
			name = Frameworks;
			sourceTree = "<group>";
		};
		C1855A9A1D01ED1D004539B7 /* emulator */ = {
			isa = PBXGroup;
			children = (
				C1EA5B831D19202F000CE42E /* call.cpp */,
				C1EA5B811D185320000CE42E /* call.h */,
				C1AD18F21D07ED2100064A1F /* disasm.cpp */,
				C1AD18F31D07ED2100064A1F /* disasm.h */,
				C1855A9B1D01ED3F004539B7 /* emulator.cpp */,
				C1855A9C1D01ED3F004539B7 /* emulator.h */,
				C173D8B01D11CEA8001F9EF7 /* gen_nids.py */,
				C1EA5B7B1D17CB48000CE42E /* import.h */,
				C17B2A481D1C46F600E115C4 /* imports_ctrl.cpp */,
				C17B2A461D1C416E00E115C4 /* imports_display.cpp */,
				C175824B1D1AFD4100E1AA12 /* imports_gxm.cpp */,
				C1EA5B7E1D17CE74000CE42E /* imports_kernel.cpp */,
				C188F8841D1D0E9400D16550 /* imports_touch.cpp */,
				C173D8B21D1306EA001F9EF7 /* imports.cpp */,
				C173D8B31D1306EA001F9EF7 /* imports.h */,
				C1DD5EEB1D1E6B0800FCE19A /* main.cpp */,
				C1B4A0431D02FFFC00F53D2C /* mem.cpp */,
				C1B4A0441D02FFFC00F53D2C /* mem.h */,
				C173D8951D0E92A4001F9EF7 /* module.cpp */,
				C173D8961D0E92A4001F9EF7 /* module.h */,
				C173D8B11D128926001F9EF7 /* nids.h */,
				C1AA7C6B1D2258C000FAF58D /* relocation.cpp */,
				C1AA7C6C1D2258C000FAF58D /* relocation.h */,
				C173D8981D0E92F3001F9EF7 /* types.h */,
				C1EA5B7C1D17CBF2000CE42E /* unimplemented.cpp */,
			);
			path = emulator;
			sourceTree = "<group>";
		};
/* End PBXGroup section */

/* Begin PBXLegacyTarget section */
		C167A8F21D00E78500AD05D5 /* Unicorn */ = {
			isa = PBXLegacyTarget;
			buildArgumentsString = "$(ACTION)";
			buildConfigurationList = C167A8F51D00E78500AD05D5 /* Build configuration list for PBXLegacyTarget "Unicorn" */;
			buildPhases = (
			);
			buildToolPath = make;
			buildWorkingDirectory = "${PROJECT_DIR}/unicorn";
			dependencies = (
			);
			name = Unicorn;
			passBuildSettingsInEnvironment = 1;
			productName = Unicorn;
		};
		C1AD18E81D07809D00064A1F /* Capstone */ = {
			isa = PBXLegacyTarget;
			buildArgumentsString = "$(ACTION)";
			buildConfigurationList = C1AD18E91D07809D00064A1F /* Build configuration list for PBXLegacyTarget "Capstone" */;
			buildPhases = (
			);
			buildToolPath = /usr/bin/make;
			buildWorkingDirectory = "${PROJECT_DIR}/capstone";
			dependencies = (
			);
			name = Capstone;
			passBuildSettingsInEnvironment = 1;
			productName = Capstone;
		};
/* End PBXLegacyTarget section */

/* Begin PBXNativeTarget section */
		C12143781D000FEE00702861 /* VitaEmulator */ = {
			isa = PBXNativeTarget;
			buildConfigurationList = C121438D1D000FEE00702861 /* Build configuration list for PBXNativeTarget "VitaEmulator" */;
			buildPhases = (
				C12143751D000FEE00702861 /* Sources */,
				C12143761D000FEE00702861 /* Frameworks */,
				C12143771D000FEE00702861 /* Resources */,
				C1855A951D016210004539B7 /* CopyFiles */,
			);
			buildRules = (
			);
			dependencies = (
				C1AD18ED1D07867F00064A1F /* PBXTargetDependency */,
				C1855A901D015E0B004539B7 /* PBXTargetDependency */,
			);
			name = VitaEmulator;
			productName = VitaEmulator;
			productReference = C12143791D000FEE00702861 /* VitaEmulator.app */;
			productType = "com.apple.product-type.application";
		};
/* End PBXNativeTarget section */

/* Begin PBXProject section */
		C12143711D000FEE00702861 /* Project object */ = {
			isa = PBXProject;
			attributes = {
				LastUpgradeCheck = 0700;
				ORGANIZATIONNAME = "Peter Mackay";
				TargetAttributes = {
					C12143781D000FEE00702861 = {
						CreatedOnToolsVersion = 7.0;
					};
					C167A8F21D00E78500AD05D5 = {
						CreatedOnToolsVersion = 7.0;
					};
					C1AD18E81D07809D00064A1F = {
						CreatedOnToolsVersion = 7.0;
					};
				};
			};
			buildConfigurationList = C12143741D000FEE00702861 /* Build configuration list for PBXProject "VitaEmulator" */;
			compatibilityVersion = "Xcode 3.2";
			developmentRegion = English;
			hasScannedForEncodings = 0;
			knownRegions = (
				en,
				Base,
			);
			mainGroup = C12143701D000FEE00702861;
			productRefGroup = C121437A1D000FEE00702861 /* Products */;
			projectDirPath = "";
			projectRoot = "";
			targets = (
				C12143781D000FEE00702861 /* VitaEmulator */,
				C167A8F21D00E78500AD05D5 /* Unicorn */,
				C1AD18E81D07809D00064A1F /* Capstone */,
			);
		};
/* End PBXProject section */

/* Begin PBXResourcesBuildPhase section */
		C12143771D000FEE00702861 /* Resources */ = {
			isa = PBXResourcesBuildPhase;
			buildActionMask = 2147483647;
			files = (
				C12143861D000FEE00702861 /* Assets.xcassets in Resources */,
			);
			runOnlyForDeploymentPostprocessing = 0;
		};
/* End PBXResourcesBuildPhase section */

/* Begin PBXSourcesBuildPhase section */
		C12143751D000FEE00702861 /* Sources */ = {
			isa = PBXSourcesBuildPhase;
			buildActionMask = 2147483647;
			files = (
				C1AD18F41D07ED2100064A1F /* disasm.cpp in Sources */,
				C175824C1D1AFD4100E1AA12 /* imports_gxm.cpp in Sources */,
				C17B2A471D1C416E00E115C4 /* imports_display.cpp in Sources */,
				C1EA5B7F1D17CE74000CE42E /* imports_kernel.cpp in Sources */,
				C173D8B41D1306EA001F9EF7 /* imports.cpp in Sources */,
				C1EA5B841D19202F000CE42E /* call.cpp in Sources */,
				C1855A9D1D01ED3F004539B7 /* emulator.cpp in Sources */,
				C1B4A0451D02FFFC00F53D2C /* mem.cpp in Sources */,
				C17B2A491D1C46F600E115C4 /* imports_ctrl.cpp in Sources */,
				C1EA5B7D1D17CBF2000CE42E /* unimplemented.cpp in Sources */,
				C1DD5EEC1D1E6B0800FCE19A /* main.cpp in Sources */,
				C1AA7C6D1D2258C000FAF58D /* relocation.cpp in Sources */,
				C188F8851D1D0E9400D16550 /* imports_touch.cpp in Sources */,
				C173D8971D0E92A4001F9EF7 /* module.cpp in Sources */,
			);
			runOnlyForDeploymentPostprocessing = 0;
		};
/* End PBXSourcesBuildPhase section */

/* Begin PBXTargetDependency section */
		C1855A901D015E0B004539B7 /* PBXTargetDependency */ = {
			isa = PBXTargetDependency;
			target = C167A8F21D00E78500AD05D5 /* Unicorn */;
			targetProxy = C1855A8F1D015E0B004539B7 /* PBXContainerItemProxy */;
		};
		C1AD18ED1D07867F00064A1F /* PBXTargetDependency */ = {
			isa = PBXTargetDependency;
			target = C1AD18E81D07809D00064A1F /* Capstone */;
			targetProxy = C1AD18EC1D07867F00064A1F /* PBXContainerItemProxy */;
		};
/* End PBXTargetDependency section */

/* Begin XCBuildConfiguration section */
		C121438B1D000FEE00702861 /* Debug */ = {
			isa = XCBuildConfiguration;
			buildSettings = {
				ALWAYS_SEARCH_USER_PATHS = NO;
				CLANG_CXX_LANGUAGE_STANDARD = "gnu++0x";
				CLANG_CXX_LIBRARY = "libc++";
				CLANG_ENABLE_MODULES = YES;
				CLANG_ENABLE_OBJC_ARC = YES;
				CLANG_WARN_BOOL_CONVERSION = YES;
				CLANG_WARN_CONSTANT_CONVERSION = YES;
				CLANG_WARN_DIRECT_OBJC_ISA_USAGE = YES_ERROR;
				CLANG_WARN_EMPTY_BODY = YES;
				CLANG_WARN_ENUM_CONVERSION = YES;
				CLANG_WARN_INT_CONVERSION = YES;
				CLANG_WARN_OBJC_ROOT_CLASS = YES_ERROR;
				CLANG_WARN_UNREACHABLE_CODE = YES;
				CLANG_WARN__DUPLICATE_METHOD_MATCH = YES;
				CODE_SIGN_IDENTITY = "-";
				COPY_PHASE_STRIP = NO;
				DEBUG_INFORMATION_FORMAT = dwarf;
				ENABLE_STRICT_OBJC_MSGSEND = YES;
				ENABLE_TESTABILITY = YES;
				GCC_C_LANGUAGE_STANDARD = gnu99;
				GCC_DYNAMIC_NO_PIC = NO;
				GCC_NO_COMMON_BLOCKS = YES;
				GCC_OPTIMIZATION_LEVEL = 0;
				GCC_PREPROCESSOR_DEFINITIONS = (
					"DEBUG=1",
					"$(inherited)",
				);
				GCC_TREAT_WARNINGS_AS_ERRORS = YES;
				GCC_WARN_64_TO_32_BIT_CONVERSION = YES;
				GCC_WARN_ABOUT_RETURN_TYPE = YES_ERROR;
				GCC_WARN_UNDECLARED_SELECTOR = YES;
				GCC_WARN_UNINITIALIZED_AUTOS = YES_AGGRESSIVE;
				GCC_WARN_UNUSED_FUNCTION = YES;
				GCC_WARN_UNUSED_VARIABLE = YES;
				HEADER_SEARCH_PATHS = (
					"${PROJECT_DIR}/capstone/include",
					"${PROJECT_DIR}/elfio",
					"${PROJECT_DIR}/unicorn/include",
					/usr/local/opt/sdl2/include,
					"${inherited}",
				);
				MACOSX_DEPLOYMENT_TARGET = 10.11;
				MTL_ENABLE_DEBUG_INFO = YES;
				ONLY_ACTIVE_ARCH = YES;
				SDKROOT = macosx;
			};
			name = Debug;
		};
		C121438C1D000FEE00702861 /* Release */ = {
			isa = XCBuildConfiguration;
			buildSettings = {
				ALWAYS_SEARCH_USER_PATHS = NO;
				CLANG_CXX_LANGUAGE_STANDARD = "gnu++0x";
				CLANG_CXX_LIBRARY = "libc++";
				CLANG_ENABLE_MODULES = YES;
				CLANG_ENABLE_OBJC_ARC = YES;
				CLANG_WARN_BOOL_CONVERSION = YES;
				CLANG_WARN_CONSTANT_CONVERSION = YES;
				CLANG_WARN_DIRECT_OBJC_ISA_USAGE = YES_ERROR;
				CLANG_WARN_EMPTY_BODY = YES;
				CLANG_WARN_ENUM_CONVERSION = YES;
				CLANG_WARN_INT_CONVERSION = YES;
				CLANG_WARN_OBJC_ROOT_CLASS = YES_ERROR;
				CLANG_WARN_UNREACHABLE_CODE = YES;
				CLANG_WARN__DUPLICATE_METHOD_MATCH = YES;
				CODE_SIGN_IDENTITY = "-";
				COPY_PHASE_STRIP = NO;
				DEBUG_INFORMATION_FORMAT = "dwarf-with-dsym";
				ENABLE_NS_ASSERTIONS = NO;
				ENABLE_STRICT_OBJC_MSGSEND = YES;
				GCC_C_LANGUAGE_STANDARD = gnu99;
				GCC_NO_COMMON_BLOCKS = YES;
				GCC_TREAT_WARNINGS_AS_ERRORS = YES;
				GCC_WARN_64_TO_32_BIT_CONVERSION = YES;
				GCC_WARN_ABOUT_RETURN_TYPE = YES_ERROR;
				GCC_WARN_UNDECLARED_SELECTOR = YES;
				GCC_WARN_UNINITIALIZED_AUTOS = YES_AGGRESSIVE;
				GCC_WARN_UNUSED_FUNCTION = YES;
				GCC_WARN_UNUSED_VARIABLE = YES;
				HEADER_SEARCH_PATHS = (
					"${PROJECT_DIR}/capstone/include",
					"${PROJECT_DIR}/elfio",
					"${PROJECT_DIR}/unicorn/include",
					/usr/local/opt/sdl2/include,
					"${inherited}",
				);
				MACOSX_DEPLOYMENT_TARGET = 10.11;
				MTL_ENABLE_DEBUG_INFO = NO;
				SDKROOT = macosx;
			};
			name = Release;
		};
		C121438E1D000FEE00702861 /* Debug */ = {
			isa = XCBuildConfiguration;
			buildSettings = {
				ASSETCATALOG_COMPILER_APPICON_NAME = AppIcon;
				COMBINE_HIDPI_IMAGES = YES;
				INFOPLIST_FILE = osx/Info.plist;
				LD_RUNPATH_SEARCH_PATHS = "$(inherited) @executable_path/../Frameworks";
				LIBRARY_SEARCH_PATHS = (
					"$(PROJECT_DIR)/unicorn",
					"$(PROJECT_DIR)/capstone",
					/usr/local/opt/sdl2/lib,
					"$(inherited)",
				);
				OTHER_LDFLAGS = (
					"-lSDL2",
					"${inherited}",
				);
				PRODUCT_BUNDLE_IDENTIFIER = mackay.pete.VitaEmulator;
				PRODUCT_NAME = "$(TARGET_NAME)";
			};
			name = Debug;
		};
		C121438F1D000FEE00702861 /* Release */ = {
			isa = XCBuildConfiguration;
			buildSettings = {
				ASSETCATALOG_COMPILER_APPICON_NAME = AppIcon;
				COMBINE_HIDPI_IMAGES = YES;
				INFOPLIST_FILE = osx/Info.plist;
				LD_RUNPATH_SEARCH_PATHS = "$(inherited) @executable_path/../Frameworks";
				LIBRARY_SEARCH_PATHS = (
					"$(PROJECT_DIR)/unicorn",
					"$(PROJECT_DIR)/capstone",
					/usr/local/opt/sdl2/lib,
					"$(inherited)",
				);
				OTHER_LDFLAGS = (
					"-lSDL2",
					"${inherited}",
				);
				PRODUCT_BUNDLE_IDENTIFIER = mackay.pete.VitaEmulator;
				PRODUCT_NAME = "$(TARGET_NAME)";
			};
			name = Release;
		};
		C167A8F31D00E78500AD05D5 /* Debug */ = {
			isa = XCBuildConfiguration;
			buildSettings = {
				DEBUGGING_SYMBOLS = YES;
				DEBUG_INFORMATION_FORMAT = dwarf;
				GCC_GENERATE_DEBUGGING_SYMBOLS = YES;
				GCC_OPTIMIZATION_LEVEL = 0;
				OTHER_CFLAGS = "";
				OTHER_LDFLAGS = "";
				PRODUCT_NAME = "$(TARGET_NAME)";
				UNICORN_ARCHS = arm;
				UNICORN_BUILD_CORE_ONLY = yes;
				UNICORN_DEBUG = yes;
			};
			name = Debug;
		};
		C167A8F41D00E78500AD05D5 /* Release */ = {
			isa = XCBuildConfiguration;
			buildSettings = {
				DEBUG_INFORMATION_FORMAT = "dwarf-with-dsym";
				OTHER_CFLAGS = "";
				OTHER_LDFLAGS = "";
				PRODUCT_NAME = "$(TARGET_NAME)";
				UNICORN_ARCHS = arm;
				UNICORN_BUILD_CORE_ONLY = yes;
				UNICORN_DEBUG = no;
			};
			name = Release;
		};
		C1AD18EA1D07809D00064A1F /* Debug */ = {
			isa = XCBuildConfiguration;
			buildSettings = {
				CAPSTONE_ARCHS = arm;
				CAPSTONE_BUILD_CORE_ONLY = yes;
				CAPSTONE_SHARED = no;
				CAPSTONE_STATIC = yes;
				DEBUGGING_SYMBOLS = YES;
				DEBUG_INFORMATION_FORMAT = dwarf;
				GCC_GENERATE_DEBUGGING_SYMBOLS = YES;
				GCC_OPTIMIZATION_LEVEL = 0;
				OTHER_CFLAGS = "";
				OTHER_LDFLAGS = "";
				PRODUCT_NAME = "$(TARGET_NAME)";
			};
			name = Debug;
		};
		C1AD18EB1D07809D00064A1F /* Release */ = {
			isa = XCBuildConfiguration;
			buildSettings = {
				CAPSTONE_ARCHS = arm;
				CAPSTONE_BUILD_CORE_ONLY = yes;
				CAPSTONE_SHARED = no;
				CAPSTONE_STATIC = yes;
				DEBUG_INFORMATION_FORMAT = "dwarf-with-dsym";
				OTHER_CFLAGS = "";
				OTHER_LDFLAGS = "";
				PRODUCT_NAME = "$(TARGET_NAME)";
			};
			name = Release;
		};
/* End XCBuildConfiguration section */

/* Begin XCConfigurationList section */
		C12143741D000FEE00702861 /* Build configuration list for PBXProject "VitaEmulator" */ = {
			isa = XCConfigurationList;
			buildConfigurations = (
				C121438B1D000FEE00702861 /* Debug */,
				C121438C1D000FEE00702861 /* Release */,
			);
			defaultConfigurationIsVisible = 0;
			defaultConfigurationName = Release;
		};
		C121438D1D000FEE00702861 /* Build configuration list for PBXNativeTarget "VitaEmulator" */ = {
			isa = XCConfigurationList;
			buildConfigurations = (
				C121438E1D000FEE00702861 /* Debug */,
				C121438F1D000FEE00702861 /* Release */,
			);
			defaultConfigurationIsVisible = 0;
			defaultConfigurationName = Release;
		};
		C167A8F51D00E78500AD05D5 /* Build configuration list for PBXLegacyTarget "Unicorn" */ = {
			isa = XCConfigurationList;
			buildConfigurations = (
				C167A8F31D00E78500AD05D5 /* Debug */,
				C167A8F41D00E78500AD05D5 /* Release */,
			);
			defaultConfigurationIsVisible = 0;
			defaultConfigurationName = Release;
		};
		C1AD18E91D07809D00064A1F /* Build configuration list for PBXLegacyTarget "Capstone" */ = {
			isa = XCConfigurationList;
			buildConfigurations = (
				C1AD18EA1D07809D00064A1F /* Debug */,
				C1AD18EB1D07809D00064A1F /* Release */,
			);
			defaultConfigurationIsVisible = 0;
			defaultConfigurationName = Release;
		};
/* End XCConfigurationList section */
	};
	rootObject = C12143711D000FEE00702861 /* Project object */;
}
